{
  "lockfileVersion": 1,
  "dependencies": {
    "blast-text": {
      "version": "2.0.0",
      "resolved": "https://registry.npmjs.org/blast-text/-/blast-text-2.0.0.tgz",
      "integrity": "sha1-Qp23i/Y5OOVz/pSTvXUXgASE9M8="
    },
    "jquery": {
      "version": "3.2.1",
      "resolved": "https://registry.npmjs.org/jquery/-/jquery-3.2.1.tgz",
      "integrity": "sha1-XE2d5lKvbNCncBVKYxu6ErAVx4c="
    }
  }
}
